
Microsoft Visual Studio Solution File, Format Version 12.00
# Visual Studio Version 16
VisualStudioVersion = 16.0.30309.148
MinimumVisualStudioVersion = 10.0.40219.1
Project("{8BC9CEB8-8B4A-11D0-8D11-00A0C91BC942}") = "CaptureStills", "CaptureStills.vcxproj", "{326A03F9-3364-4F1F-BB69-59EBC8E58250}"
EndProject
Global
	GlobalSection(SolutionConfigurationPlatforms) = preSolution
		Debug|Win32 = Debug|Win32
		Debug|x64 = Debug|x64
		Release|Win32 = Release|Win32
		Release|x64 = Release|x64
	EndGlobalSection
	GlobalSection(ProjectConfigurationPlatforms) = postSolution
		{326A03F9-3364-4F1F-BB69-59EBC8E58250}.Debug|Win32.ActiveCfg = Debug|x64
		{326A03F9-3364-4F1F-BB69-59EBC8E58250}.Debug|Win32.Build.0 = Debug|x64
		{326A03F9-3364-4F1F-BB69-59EBC8E58250}.Debug|x64.ActiveCfg = Debug|x64
		{326A03F9-3364-4F1F-BB69-59EBC8E58250}.Debug|x64.Build.0 = Debug|x64
		{326A03F9-3364-4F1F-BB69-59EBC8E58250}.Release|Win32.ActiveCfg = Release|x64
		{326A03F9-3364-4F1F-BB69-59EBC8E58250}.Release|Win32.Build.0 = Release|x64
		{326A03F9-3364-4F1F-BB69-59EBC8E58250}.Release|x64.ActiveCfg = Release|x64
		{326A03F9-3364-4F1F-BB69-59EBC8E58250}.Release|x64.Build.0 = Release|x64
	EndGlobalSection
	GlobalSection(SolutionProperties) = preSolution
		HideSolutionNode = FALSE
	EndGlobalSection
	GlobalSection(ExtensibilityGlobals) = postSolution
		SolutionGuid = {F4832941-A82B-473C-A00F-601E7BC573A3}
	EndGlobalSection
EndGlobal
